// !$*UTF8*$!
{
	archiveVersion = 1;
	classes = {
	};
	objectVersion = 46;
	objects = {

/* Begin PBXBuildFile section */
		1AC6FB30180E99EB004C840B /* libcocos2d iOS.a in Frameworks */ = {isa = PBXBuildFile; fileRef = 1AC6FB07180E9839004C840B /* libcocos2d iOS.a */; };
		1D60589F0D05DD5A006BFB54 /* Foundation.framework in Frameworks */ = {isa = PBXBuildFile; fileRef = 1D30AB110D05D00D00671497 /* Foundation.framework */; };
		1DF5F4E00D08C38300B7A737 /* UIKit.framework in Frameworks */ = {isa = PBXBuildFile; fileRef = 1DF5F4DF0D08C38300B7A737 /* UIKit.framework */; };
		288765A50DF7441C002DB57D /* CoreGraphics.framework in Frameworks */ = {isa = PBXBuildFile; fileRef = 288765A40DF7441C002DB57D /* CoreGraphics.framework */; };
		3EACC98F19EE6D4300EB3C5E /* res in Resources */ = {isa = PBXBuildFile; fileRef = 3EACC98E19EE6D4300EB3C5E /* res */; };
		4115120C1BA57636009274DA /* main.cpp in Sources */ = {isa = PBXBuildFile; fileRef = 4115120B1BA57636009274DA /* main.cpp */; };
		4115122C1BA579FC009274DA /* AIPlayer.cpp in Sources */ = {isa = PBXBuildFile; fileRef = 411512111BA579FC009274DA /* AIPlayer.cpp */; };
		4115122D1BA579FC009274DA /* Card.cpp in Sources */ = {isa = PBXBuildFile; fileRef = 411512131BA579FC009274DA /* Card.cpp */; };
		4115122E1BA579FC009274DA /* Game.cpp in Sources */ = {isa = PBXBuildFile; fileRef = 411512161BA579FC009274DA /* Game.cpp */; };
		4115122F1BA579FC009274DA /* Player.cpp in Sources */ = {isa = PBXBuildFile; fileRef = 411512181BA579FC009274DA /* Player.cpp */; };
		411512301BA579FC009274DA /* Recorder.cpp in Sources */ = {isa = PBXBuildFile; fileRef = 4115121A1BA579FC009274DA /* Recorder.cpp */; };
		411512311BA579FC009274DA /* StateBase.cpp in Sources */ = {isa = PBXBuildFile; fileRef = 4115121C1BA579FC009274DA /* StateBase.cpp */; };
		411512321BA579FC009274DA /* StateDeal.cpp in Sources */ = {isa = PBXBuildFile; fileRef = 4115121E1BA579FC009274DA /* StateDeal.cpp */; };
		411512331BA579FC009274DA /* StateFinish.cpp in Sources */ = {isa = PBXBuildFile; fileRef = 411512201BA579FC009274DA /* StateFinish.cpp */; };
		411512341BA579FC009274DA /* StateInit.cpp in Sources */ = {isa = PBXBuildFile; fileRef = 411512221BA579FC009274DA /* StateInit.cpp */; };
		411512351BA579FC009274DA /* StateOpponentChoice.cpp in Sources */ = {isa = PBXBuildFile; fileRef = 411512241BA579FC009274DA /* StateOpponentChoice.cpp */; };
		411512361BA579FC009274DA /* StatePlayerChoice.cpp in Sources */ = {isa = PBXBuildFile; fileRef = 411512261BA579FC009274DA /* StatePlayerChoice.cpp */; };
		411512371BA579FC009274DA /* StateSwitchPlayer.cpp in Sources */ = {isa = PBXBuildFile; fileRef = 411512281BA579FC009274DA /* StateSwitchPlayer.cpp */; };
		411512381BA579FC009274DA /* Utils.cpp in Sources */ = {isa = PBXBuildFile; fileRef = 4115122A1BA579FC009274DA /* Utils.cpp */; };
		4132CF9B1B6FA07900F42F1A /* GameLayer.cpp in Sources */ = {isa = PBXBuildFile; fileRef = 4132CF871B6FA07900F42F1A /* GameLayer.cpp */; };
		4132CF9C1B6FA07900F42F1A /* PauseLayer.cpp in Sources */ = {isa = PBXBuildFile; fileRef = 4132CF891B6FA07900F42F1A /* PauseLayer.cpp */; };
		4132CF9D1B6FA07900F42F1A /* PlayScene.cpp in Sources */ = {isa = PBXBuildFile; fileRef = 4132CF8B1B6FA07900F42F1A /* PlayScene.cpp */; };
		4132CF9E1B6FA07900F42F1A /* AIPlayer.cpp in Sources */ = {isa = PBXBuildFile; fileRef = 4132CF8E1B6FA07900F42F1A /* AIPlayer.cpp */; };
		4132CF9F1B6FA07900F42F1A /* Card.cpp in Sources */ = {isa = PBXBuildFile; fileRef = 4132CF901B6FA07900F42F1A /* Card.cpp */; };
		4132CFA01B6FA07900F42F1A /* Game.cpp in Sources */ = {isa = PBXBuildFile; fileRef = 4132CF931B6FA07900F42F1A /* Game.cpp */; };
		4132CFA11B6FA07900F42F1A /* Player.cpp in Sources */ = {isa = PBXBuildFile; fileRef = 4132CF951B6FA07900F42F1A /* Player.cpp */; };
		4132CFA21B6FA07900F42F1A /* Recorder.cpp in Sources */ = {isa = PBXBuildFile; fileRef = 4132CF971B6FA07900F42F1A /* Recorder.cpp */; };
		4132CFA31B6FA07900F42F1A /* Utils.cpp in Sources */ = {isa = PBXBuildFile; fileRef = 4132CF991B6FA07900F42F1A /* Utils.cpp */; };
		4132CFA61B6FA22000F42F1A /* UserChoiceLayer.cpp in Sources */ = {isa = PBXBuildFile; fileRef = 4132CFA41B6FA22000F42F1A /* UserChoiceLayer.cpp */; };
		4169E6741B8876CA00331C75 /* StateInit.cpp in Sources */ = {isa = PBXBuildFile; fileRef = 4169E6721B8876CA00331C75 /* StateInit.cpp */; };
		4169E6771B8876D800331C75 /* StateBase.cpp in Sources */ = {isa = PBXBuildFile; fileRef = 4169E6751B8876D800331C75 /* StateBase.cpp */; };
		4169E67A1B8876EF00331C75 /* StateDeal.cpp in Sources */ = {isa = PBXBuildFile; fileRef = 4169E6781B8876EF00331C75 /* StateDeal.cpp */; };
		4169E67D1B88770000331C75 /* StatePlayerChoice.cpp in Sources */ = {isa = PBXBuildFile; fileRef = 4169E67B1B88770000331C75 /* StatePlayerChoice.cpp */; };
		4169E6801B88772D00331C75 /* StateOpponentChoice.cpp in Sources */ = {isa = PBXBuildFile; fileRef = 4169E67E1B88772D00331C75 /* StateOpponentChoice.cpp */; };
		4169E6831B88773D00331C75 /* StateSwitchPlayer.cpp in Sources */ = {isa = PBXBuildFile; fileRef = 4169E6811B88773D00331C75 /* StateSwitchPlayer.cpp */; };
		4169E6891B887B7900331C75 /* StateFinish.cpp in Sources */ = {isa = PBXBuildFile; fileRef = 4169E6871B887B7900331C75 /* StateFinish.cpp */; };
		419847621B6E5FF000F8A29B /* HelloWorldScene.cpp in Sources */ = {isa = PBXBuildFile; fileRef = 419847611B6E5FF000F8A29B /* HelloWorldScene.cpp */; };
		41E941681B7F399400A98625 /* game_bg.jpg in Resources */ = {isa = PBXBuildFile; fileRef = 41E941641B7F399400A98625 /* game_bg.jpg */; };
		41E941691B7F399400A98625 /* poker_back.png in Resources */ = {isa = PBXBuildFile; fileRef = 41E941651B7F399400A98625 /* poker_back.png */; };
		41E9416A1B7F399400A98625 /* poker_discard.png in Resources */ = {isa = PBXBuildFile; fileRef = 41E941661B7F399400A98625 /* poker_discard.png */; };
		41E9416B1B7F399400A98625 /* poker_front.png in Resources */ = {isa = PBXBuildFile; fileRef = 41E941671B7F399400A98625 /* poker_front.png */; };
		41E941721B7F409C00A98625 /* HelloWorld.jpg in Resources */ = {isa = PBXBuildFile; fileRef = 41E941711B7F409C00A98625 /* HelloWorld.jpg */; };
		41E941791B7F440C00A98625 /* Default-568h@2x.png in Resources */ = {isa = PBXBuildFile; fileRef = 41E941751B7F440C00A98625 /* Default-568h@2x.png */; };
		41E9417A1B7F440C00A98625 /* Default-667h@2x.png in Resources */ = {isa = PBXBuildFile; fileRef = 41E941761B7F440C00A98625 /* Default-667h@2x.png */; };
		41E9417B1B7F440C00A98625 /* Default.png in Resources */ = {isa = PBXBuildFile; fileRef = 41E941771B7F440C00A98625 /* Default.png */; };
		41E9417C1B7F440C00A98625 /* Default@2x.png in Resources */ = {isa = PBXBuildFile; fileRef = 41E941781B7F440C00A98625 /* Default@2x.png */; };
		41E9417E1B7F448400A98625 /* Images.xcassets in Resources */ = {isa = PBXBuildFile; fileRef = 41E9417D1B7F448400A98625 /* Images.xcassets */; };
		41E941861B7F4E8E00A98625 /* btn_choice_h.png in Resources */ = {isa = PBXBuildFile; fileRef = 41E941831B7F4E8E00A98625 /* btn_choice_h.png */; };
		41E941871B7F4E8E00A98625 /* btn_choice.png in Resources */ = {isa = PBXBuildFile; fileRef = 41E941841B7F4E8E00A98625 /* btn_choice.png */; };
		41E941881B7F4E8E00A98625 /* poker_front_large.png in Resources */ = {isa = PBXBuildFile; fileRef = 41E941851B7F4E8E00A98625 /* poker_front_large.png */; };
		41E9418C1B7F685800A98625 /* card in Resources */ = {isa = PBXBuildFile; fileRef = 41E9418B1B7F685800A98625 /* card */; };
		46880B7B19C43A67006E1F66 /* CloseNormal.png in Resources */ = {isa = PBXBuildFile; fileRef = 46880B7619C43A67006E1F66 /* CloseNormal.png */; };
		46880B7D19C43A67006E1F66 /* CloseSelected.png in Resources */ = {isa = PBXBuildFile; fileRef = 46880B7719C43A67006E1F66 /* CloseSelected.png */; };
		46880B8819C43A87006E1F66 /* AppDelegate.cpp in Sources */ = {isa = PBXBuildFile; fileRef = 46880B8419C43A87006E1F66 /* AppDelegate.cpp */; };
		503AE10017EB989F00D1A890 /* AppController.mm in Sources */ = {isa = PBXBuildFile; fileRef = 503AE0FB17EB989F00D1A890 /* AppController.mm */; };
		503AE10117EB989F00D1A890 /* main.m in Sources */ = {isa = PBXBuildFile; fileRef = 503AE0FC17EB989F00D1A890 /* main.m */; };
		503AE10217EB989F00D1A890 /* RootViewController.mm in Sources */ = {isa = PBXBuildFile; fileRef = 503AE0FF17EB989F00D1A890 /* RootViewController.mm */; };
		5087E78017EB970100C73F5D /* Icon-114.png in Resources */ = {isa = PBXBuildFile; fileRef = 5087E77517EB970100C73F5D /* Icon-114.png */; };
		5087E78117EB970100C73F5D /* Icon-120.png in Resources */ = {isa = PBXBuildFile; fileRef = 5087E77617EB970100C73F5D /* Icon-120.png */; };
		5087E78217EB970100C73F5D /* Icon-144.png in Resources */ = {isa = PBXBuildFile; fileRef = 5087E77717EB970100C73F5D /* Icon-144.png */; };
		5087E78317EB970100C73F5D /* Icon-152.png in Resources */ = {isa = PBXBuildFile; fileRef = 5087E77817EB970100C73F5D /* Icon-152.png */; };
		5087E78417EB970100C73F5D /* Icon-57.png in Resources */ = {isa = PBXBuildFile; fileRef = 5087E77917EB970100C73F5D /* Icon-57.png */; };
		5087E78517EB970100C73F5D /* Icon-72.png in Resources */ = {isa = PBXBuildFile; fileRef = 5087E77A17EB970100C73F5D /* Icon-72.png */; };
		5087E78617EB970100C73F5D /* Icon-76.png in Resources */ = {isa = PBXBuildFile; fileRef = 5087E77B17EB970100C73F5D /* Icon-76.png */; };
		50EF629617ECD46A001EB2F8 /* Icon-40.png in Resources */ = {isa = PBXBuildFile; fileRef = 50EF629217ECD46A001EB2F8 /* Icon-40.png */; };
		50EF629717ECD46A001EB2F8 /* Icon-58.png in Resources */ = {isa = PBXBuildFile; fileRef = 50EF629317ECD46A001EB2F8 /* Icon-58.png */; };
		50EF629817ECD46A001EB2F8 /* Icon-80.png in Resources */ = {isa = PBXBuildFile; fileRef = 50EF629417ECD46A001EB2F8 /* Icon-80.png */; };
		50EF629917ECD46A001EB2F8 /* Icon-100.png in Resources */ = {isa = PBXBuildFile; fileRef = 50EF629517ECD46A001EB2F8 /* Icon-100.png */; };
		50EF62A217ECD613001EB2F8 /* Icon-29.png in Resources */ = {isa = PBXBuildFile; fileRef = 50EF62A017ECD613001EB2F8 /* Icon-29.png */; };
		50EF62A317ECD613001EB2F8 /* Icon-50.png in Resources */ = {isa = PBXBuildFile; fileRef = 50EF62A117ECD613001EB2F8 /* Icon-50.png */; };
		521A8EA919F11F5000D177D7 /* fonts in Resources */ = {isa = PBXBuildFile; fileRef = 521A8EA819F11F5000D177D7 /* fonts */; };
		52B47A471A53D09C004E4C60 /* Security.framework in Frameworks */ = {isa = PBXBuildFile; fileRef = 52B47A461A53D09B004E4C60 /* Security.framework */; };
		BF171245129291EC00B8313A /* OpenGLES.framework in Frameworks */ = {isa = PBXBuildFile; fileRef = BF170DB012928DE900B8313A /* OpenGLES.framework */; };
		BF1712471292920000B8313A /* libz.dylib in Frameworks */ = {isa = PBXBuildFile; fileRef = BF170DB412928DE900B8313A /* libz.dylib */; };
		BF1C47F01293687400B63C5D /* QuartzCore.framework in Frameworks */ = {isa = PBXBuildFile; fileRef = BF1C47EA1293683800B63C5D /* QuartzCore.framework */; };
		D44C620C132DFF330009C878 /* OpenAL.framework in Frameworks */ = {isa = PBXBuildFile; fileRef = D44C620B132DFF330009C878 /* OpenAL.framework */; };
		D44C620E132DFF430009C878 /* AVFoundation.framework in Frameworks */ = {isa = PBXBuildFile; fileRef = D44C620D132DFF430009C878 /* AVFoundation.framework */; };
		D44C6210132DFF4E0009C878 /* AudioToolbox.framework in Frameworks */ = {isa = PBXBuildFile; fileRef = D44C620F132DFF4E0009C878 /* AudioToolbox.framework */; };
		D6B0611B1803AB670077942B /* CoreMotion.framework in Frameworks */ = {isa = PBXBuildFile; fileRef = D6B0611A1803AB670077942B /* CoreMotion.framework */; };
/* End PBXBuildFile section */

/* Begin PBXContainerItemProxy section */
		1AC6FAF8180E9839004C840B /* PBXContainerItemProxy */ = {
			isa = PBXContainerItemProxy;
			containerPortal = 1AC6FAE5180E9839004C840B /* cocos2d_libs.xcodeproj */;
			proxyType = 2;
			remoteGlobalIDString = 1551A33F158F2AB200E66CFE;
			remoteInfo = "cocos2dx Mac";
		};
		1AC6FB06180E9839004C840B /* PBXContainerItemProxy */ = {
			isa = PBXContainerItemProxy;
			containerPortal = 1AC6FAE5180E9839004C840B /* cocos2d_libs.xcodeproj */;
			proxyType = 2;
			remoteGlobalIDString = A07A4D641783777C0073F6A7;
			remoteInfo = "cocos2dx iOS";
		};
		1AC6FB24180E99E1004C840B /* PBXContainerItemProxy */ = {
			isa = PBXContainerItemProxy;
			containerPortal = 1AC6FAE5180E9839004C840B /* cocos2d_libs.xcodeproj */;
			proxyType = 1;
			remoteGlobalIDString = A07A4C241783777C0073F6A7;
			remoteInfo = "cocos2dx iOS";
		};
/* End PBXContainerItemProxy section */

/* Begin PBXCopyFilesBuildPhase section */
		411512071BA57636009274DA /* CopyFiles */ = {
			isa = PBXCopyFilesBuildPhase;
			buildActionMask = 2147483647;
			dstPath = /usr/share/man/man1/;
			dstSubfolderSpec = 0;
			files = (
			);
			runOnlyForDeploymentPostprocessing = 1;
		};
/* End PBXCopyFilesBuildPhase section */

/* Begin PBXFileReference section */
		1AC6FAE5180E9839004C840B /* cocos2d_libs.xcodeproj */ = {isa = PBXFileReference; lastKnownFileType = "wrapper.pb-project"; name = cocos2d_libs.xcodeproj; path = ../cocos2d/build/cocos2d_libs.xcodeproj; sourceTree = "<group>"; };
		1ACB3243164770DE00914215 /* libcurl.a */ = {isa = PBXFileReference; lastKnownFileType = archive.ar; name = libcurl.a; path = ../../cocos2dx/platform/third_party/ios/libraries/libcurl.a; sourceTree = "<group>"; };
		1D30AB110D05D00D00671497 /* Foundation.framework */ = {isa = PBXFileReference; lastKnownFileType = wrapper.framework; name = Foundation.framework; path = System/Library/Frameworks/Foundation.framework; sourceTree = SDKROOT; };
		1D6058910D05DD3D006BFB54 /* DaLiPoker iOS.app */ = {isa = PBXFileReference; explicitFileType = wrapper.application; includeInIndex = 0; path = "DaLiPoker iOS.app"; sourceTree = BUILT_PRODUCTS_DIR; };
		1DF5F4DF0D08C38300B7A737 /* UIKit.framework */ = {isa = PBXFileReference; lastKnownFileType = wrapper.framework; name = UIKit.framework; path = System/Library/Frameworks/UIKit.framework; sourceTree = SDKROOT; };
		288765A40DF7441C002DB57D /* CoreGraphics.framework */ = {isa = PBXFileReference; lastKnownFileType = wrapper.framework; name = CoreGraphics.framework; path = System/Library/Frameworks/CoreGraphics.framework; sourceTree = SDKROOT; };
		3EACC98E19EE6D4300EB3C5E /* res */ = {isa = PBXFileReference; lastKnownFileType = folder; path = res; sourceTree = "<group>"; };
		411512091BA57636009274DA /* GameTestCmd */ = {isa = PBXFileReference; explicitFileType = "compiled.mach-o.executable"; includeInIndex = 0; path = GameTestCmd; sourceTree = BUILT_PRODUCTS_DIR; };
		4115120B1BA57636009274DA /* main.cpp */ = {isa = PBXFileReference; lastKnownFileType = sourcecode.cpp.cpp; path = main.cpp; sourceTree = "<group>"; };
		411512111BA579FC009274DA /* AIPlayer.cpp */ = {isa = PBXFileReference; fileEncoding = 4; lastKnownFileType = sourcecode.cpp.cpp; path = AIPlayer.cpp; sourceTree = "<group>"; };
		411512121BA579FC009274DA /* AIPlayer.h */ = {isa = PBXFileReference; fileEncoding = 4; lastKnownFileType = sourcecode.c.h; path = AIPlayer.h; sourceTree = "<group>"; };
		411512131BA579FC009274DA /* Card.cpp */ = {isa = PBXFileReference; fileEncoding = 4; lastKnownFileType = sourcecode.cpp.cpp; path = Card.cpp; sourceTree = "<group>"; };
		411512141BA579FC009274DA /* Card.h */ = {isa = PBXFileReference; fileEncoding = 4; lastKnownFileType = sourcecode.c.h; path = Card.h; sourceTree = "<group>"; };
		411512151BA579FC009274DA /* def.h */ = {isa = PBXFileReference; fileEncoding = 4; lastKnownFileType = sourcecode.c.h; path = def.h; sourceTree = "<group>"; };
		411512161BA579FC009274DA /* Game.cpp */ = {isa = PBXFileReference; fileEncoding = 4; lastKnownFileType = sourcecode.cpp.cpp; path = Game.cpp; sourceTree = "<group>"; };
		411512171BA579FC009274DA /* Game.h */ = {isa = PBXFileReference; fileEncoding = 4; lastKnownFileType = sourcecode.c.h; path = Game.h; sourceTree = "<group>"; };
		411512181BA579FC009274DA /* Player.cpp */ = {isa = PBXFileReference; fileEncoding = 4; lastKnownFileType = sourcecode.cpp.cpp; path = Player.cpp; sourceTree = "<group>"; };
		411512191BA579FC009274DA /* Player.h */ = {isa = PBXFileReference; fileEncoding = 4; lastKnownFileType = sourcecode.c.h; path = Player.h; sourceTree = "<group>"; };
		4115121A1BA579FC009274DA /* Recorder.cpp */ = {isa = PBXFileReference; fileEncoding = 4; lastKnownFileType = sourcecode.cpp.cpp; path = Recorder.cpp; sourceTree = "<group>"; };
		4115121B1BA579FC009274DA /* Recorder.h */ = {isa = PBXFileReference; fileEncoding = 4; lastKnownFileType = sourcecode.c.h; path = Recorder.h; sourceTree = "<group>"; };
		4115121C1BA579FC009274DA /* StateBase.cpp */ = {isa = PBXFileReference; fileEncoding = 4; lastKnownFileType = sourcecode.cpp.cpp; path = StateBase.cpp; sourceTree = "<group>"; };
		4115121D1BA579FC009274DA /* StateBase.h */ = {isa = PBXFileReference; fileEncoding = 4; lastKnownFileType = sourcecode.c.h; path = StateBase.h; sourceTree = "<group>"; };
		4115121E1BA579FC009274DA /* StateDeal.cpp */ = {isa = PBXFileReference; fileEncoding = 4; lastKnownFileType = sourcecode.cpp.cpp; path = StateDeal.cpp; sourceTree = "<group>"; };
		4115121F1BA579FC009274DA /* StateDeal.h */ = {isa = PBXFileReference; fileEncoding = 4; lastKnownFileType = sourcecode.c.h; path = StateDeal.h; sourceTree = "<group>"; };
		411512201BA579FC009274DA /* StateFinish.cpp */ = {isa = PBXFileReference; fileEncoding = 4; lastKnownFileType = sourcecode.cpp.cpp; path = StateFinish.cpp; sourceTree = "<group>"; };
		411512211BA579FC009274DA /* StateFinish.h */ = {isa = PBXFileReference; fileEncoding = 4; lastKnownFileType = sourcecode.c.h; path = StateFinish.h; sourceTree = "<group>"; };
		411512221BA579FC009274DA /* StateInit.cpp */ = {isa = PBXFileReference; fileEncoding = 4; lastKnownFileType = sourcecode.cpp.cpp; path = StateInit.cpp; sourceTree = "<group>"; };
		411512231BA579FC009274DA /* StateInit.h */ = {isa = PBXFileReference; fileEncoding = 4; lastKnownFileType = sourcecode.c.h; path = StateInit.h; sourceTree = "<group>"; };
		411512241BA579FC009274DA /* StateOpponentChoice.cpp */ = {isa = PBXFileReference; fileEncoding = 4; lastKnownFileType = sourcecode.cpp.cpp; path = StateOpponentChoice.cpp; sourceTree = "<group>"; };
		411512251BA579FC009274DA /* StateOpponentChoice.h */ = {isa = PBXFileReference; fileEncoding = 4; lastKnownFileType = sourcecode.c.h; path = StateOpponentChoice.h; sourceTree = "<group>"; };
		411512261BA579FC009274DA /* StatePlayerChoice.cpp */ = {isa = PBXFileReference; fileEncoding = 4; lastKnownFileType = sourcecode.cpp.cpp; path = StatePlayerChoice.cpp; sourceTree = "<group>"; };
		411512271BA579FC009274DA /* StatePlayerChoice.h */ = {isa = PBXFileReference; fileEncoding = 4; lastKnownFileType = sourcecode.c.h; path = StatePlayerChoice.h; sourceTree = "<group>"; };
		411512281BA579FC009274DA /* StateSwitchPlayer.cpp */ = {isa = PBXFileReference; fileEncoding = 4; lastKnownFileType = sourcecode.cpp.cpp; path = StateSwitchPlayer.cpp; sourceTree = "<group>"; };
		411512291BA579FC009274DA /* StateSwitchPlayer.h */ = {isa = PBXFileReference; fileEncoding = 4; lastKnownFileType = sourcecode.c.h; path = StateSwitchPlayer.h; sourceTree = "<group>"; };
		4115122A1BA579FC009274DA /* Utils.cpp */ = {isa = PBXFileReference; fileEncoding = 4; lastKnownFileType = sourcecode.cpp.cpp; path = Utils.cpp; sourceTree = "<group>"; };
		4115122B1BA579FC009274DA /* Utils.h */ = {isa = PBXFileReference; fileEncoding = 4; lastKnownFileType = sourcecode.c.h; path = Utils.h; sourceTree = "<group>"; };
		4132CF871B6FA07900F42F1A /* GameLayer.cpp */ = {isa = PBXFileReference; fileEncoding = 4; lastKnownFileType = sourcecode.cpp.cpp; path = GameLayer.cpp; sourceTree = "<group>"; };
		4132CF881B6FA07900F42F1A /* GameLayer.h */ = {isa = PBXFileReference; fileEncoding = 4; lastKnownFileType = sourcecode.c.h; path = GameLayer.h; sourceTree = "<group>"; };
		4132CF891B6FA07900F42F1A /* PauseLayer.cpp */ = {isa = PBXFileReference; fileEncoding = 4; lastKnownFileType = sourcecode.cpp.cpp; path = PauseLayer.cpp; sourceTree = "<group>"; };
		4132CF8A1B6FA07900F42F1A /* PauseLayer.h */ = {isa = PBXFileReference; fileEncoding = 4; lastKnownFileType = sourcecode.c.h; path = PauseLayer.h; sourceTree = "<group>"; };
		4132CF8B1B6FA07900F42F1A /* PlayScene.cpp */ = {isa = PBXFileReference; fileEncoding = 4; lastKnownFileType = sourcecode.cpp.cpp; path = PlayScene.cpp; sourceTree = "<group>"; };
		4132CF8C1B6FA07900F42F1A /* PlayScene.h */ = {isa = PBXFileReference; fileEncoding = 4; lastKnownFileType = sourcecode.c.h; path = PlayScene.h; sourceTree = "<group>"; };
		4132CF8E1B6FA07900F42F1A /* AIPlayer.cpp */ = {isa = PBXFileReference; fileEncoding = 4; lastKnownFileType = sourcecode.cpp.cpp; path = AIPlayer.cpp; sourceTree = "<group>"; };
		4132CF8F1B6FA07900F42F1A /* AIPlayer.h */ = {isa = PBXFileReference; fileEncoding = 4; lastKnownFileType = sourcecode.c.h; path = AIPlayer.h; sourceTree = "<group>"; };
		4132CF901B6FA07900F42F1A /* Card.cpp */ = {isa = PBXFileReference; fileEncoding = 4; lastKnownFileType = sourcecode.cpp.cpp; path = Card.cpp; sourceTree = "<group>"; };
		4132CF911B6FA07900F42F1A /* Card.h */ = {isa = PBXFileReference; fileEncoding = 4; lastKnownFileType = sourcecode.c.h; path = Card.h; sourceTree = "<group>"; };
		4132CF921B6FA07900F42F1A /* def.h */ = {isa = PBXFileReference; fileEncoding = 4; lastKnownFileType = sourcecode.c.h; path = def.h; sourceTree = "<group>"; };
		4132CF931B6FA07900F42F1A /* Game.cpp */ = {isa = PBXFileReference; fileEncoding = 4; lastKnownFileType = sourcecode.cpp.cpp; path = Game.cpp; sourceTree = "<group>"; };
		4132CF941B6FA07900F42F1A /* Game.h */ = {isa = PBXFileReference; fileEncoding = 4; lastKnownFileType = sourcecode.c.h; path = Game.h; sourceTree = "<group>"; };
		4132CF951B6FA07900F42F1A /* Player.cpp */ = {isa = PBXFileReference; fileEncoding = 4; lastKnownFileType = sourcecode.cpp.cpp; path = Player.cpp; sourceTree = "<group>"; };
		4132CF961B6FA07900F42F1A /* Player.h */ = {isa = PBXFileReference; fileEncoding = 4; lastKnownFileType = sourcecode.c.h; path = Player.h; sourceTree = "<group>"; };
		4132CF971B6FA07900F42F1A /* Recorder.cpp */ = {isa = PBXFileReference; fileEncoding = 4; lastKnownFileType = sourcecode.cpp.cpp; path = Recorder.cpp; sourceTree = "<group>"; };
		4132CF981B6FA07900F42F1A /* Recorder.h */ = {isa = PBXFileReference; fileEncoding = 4; lastKnownFileType = sourcecode.c.h; path = Recorder.h; sourceTree = "<group>"; };
		4132CF991B6FA07900F42F1A /* Utils.cpp */ = {isa = PBXFileReference; fileEncoding = 4; lastKnownFileType = sourcecode.cpp.cpp; path = Utils.cpp; sourceTree = "<group>"; };
		4132CF9A1B6FA07900F42F1A /* Utils.h */ = {isa = PBXFileReference; fileEncoding = 4; lastKnownFileType = sourcecode.c.h; path = Utils.h; sourceTree = "<group>"; };
		4132CFA41B6FA22000F42F1A /* UserChoiceLayer.cpp */ = {isa = PBXFileReference; fileEncoding = 4; lastKnownFileType = sourcecode.cpp.cpp; path = UserChoiceLayer.cpp; sourceTree = "<group>"; };
		4132CFA51B6FA22000F42F1A /* UserChoiceLayer.h */ = {isa = PBXFileReference; fileEncoding = 4; lastKnownFileType = sourcecode.c.h; path = UserChoiceLayer.h; sourceTree = "<group>"; };
		4169E6721B8876CA00331C75 /* StateInit.cpp */ = {isa = PBXFileReference; fileEncoding = 4; lastKnownFileType = sourcecode.cpp.cpp; path = StateInit.cpp; sourceTree = "<group>"; };
		4169E6731B8876CA00331C75 /* StateInit.h */ = {isa = PBXFileReference; fileEncoding = 4; lastKnownFileType = sourcecode.c.h; path = StateInit.h; sourceTree = "<group>"; };
		4169E6751B8876D800331C75 /* StateBase.cpp */ = {isa = PBXFileReference; fileEncoding = 4; lastKnownFileType = sourcecode.cpp.cpp; path = StateBase.cpp; sourceTree = "<group>"; };
		4169E6761B8876D800331C75 /* StateBase.h */ = {isa = PBXFileReference; fileEncoding = 4; lastKnownFileType = sourcecode.c.h; path = StateBase.h; sourceTree = "<group>"; };
		4169E6781B8876EF00331C75 /* StateDeal.cpp */ = {isa = PBXFileReference; fileEncoding = 4; lastKnownFileType = sourcecode.cpp.cpp; path = StateDeal.cpp; sourceTree = "<group>"; };
		4169E6791B8876EF00331C75 /* StateDeal.h */ = {isa = PBXFileReference; fileEncoding = 4; lastKnownFileType = sourcecode.c.h; path = StateDeal.h; sourceTree = "<group>"; };
		4169E67B1B88770000331C75 /* StatePlayerChoice.cpp */ = {isa = PBXFileReference; fileEncoding = 4; lastKnownFileType = sourcecode.cpp.cpp; path = StatePlayerChoice.cpp; sourceTree = "<group>"; };
		4169E67C1B88770000331C75 /* StatePlayerChoice.h */ = {isa = PBXFileReference; fileEncoding = 4; lastKnownFileType = sourcecode.c.h; path = StatePlayerChoice.h; sourceTree = "<group>"; };
		4169E67E1B88772D00331C75 /* StateOpponentChoice.cpp */ = {isa = PBXFileReference; fileEncoding = 4; lastKnownFileType = sourcecode.cpp.cpp; path = StateOpponentChoice.cpp; sourceTree = "<group>"; };
		4169E67F1B88772D00331C75 /* StateOpponentChoice.h */ = {isa = PBXFileReference; fileEncoding = 4; lastKnownFileType = sourcecode.c.h; path = StateOpponentChoice.h; sourceTree = "<group>"; };
		4169E6811B88773D00331C75 /* StateSwitchPlayer.cpp */ = {isa = PBXFileReference; fileEncoding = 4; lastKnownFileType = sourcecode.cpp.cpp; path = StateSwitchPlayer.cpp; sourceTree = "<group>"; };
		4169E6821B88773D00331C75 /* StateSwitchPlayer.h */ = {isa = PBXFileReference; fileEncoding = 4; lastKnownFileType = sourcecode.c.h; path = StateSwitchPlayer.h; sourceTree = "<group>"; };
		4169E6871B887B7900331C75 /* StateFinish.cpp */ = {isa = PBXFileReference; fileEncoding = 4; lastKnownFileType = sourcecode.cpp.cpp; path = StateFinish.cpp; sourceTree = "<group>"; };
		4169E6881B887B7900331C75 /* StateFinish.h */ = {isa = PBXFileReference; fileEncoding = 4; lastKnownFileType = sourcecode.c.h; path = StateFinish.h; sourceTree = "<group>"; };
		419847611B6E5FF000F8A29B /* HelloWorldScene.cpp */ = {isa = PBXFileReference; fileEncoding = 4; lastKnownFileType = sourcecode.cpp.cpp; path = HelloWorldScene.cpp; sourceTree = "<group>"; };
		41E941641B7F399400A98625 /* game_bg.jpg */ = {isa = PBXFileReference; lastKnownFileType = image.jpeg; path = game_bg.jpg; sourceTree = "<group>"; };
		41E941651B7F399400A98625 /* poker_back.png */ = {isa = PBXFileReference; lastKnownFileType = image.png; path = poker_back.png; sourceTree = "<group>"; };
		41E941661B7F399400A98625 /* poker_discard.png */ = {isa = PBXFileReference; lastKnownFileType = image.png; path = poker_discard.png; sourceTree = "<group>"; };
		41E941671B7F399400A98625 /* poker_front.png */ = {isa = PBXFileReference; lastKnownFileType = image.png; path = poker_front.png; sourceTree = "<group>"; };
		41E941711B7F409C00A98625 /* HelloWorld.jpg */ = {isa = PBXFileReference; lastKnownFileType = image.jpeg; path = HelloWorld.jpg; sourceTree = "<group>"; };
		41E941751B7F440C00A98625 /* Default-568h@2x.png */ = {isa = PBXFileReference; lastKnownFileType = image.png; path = "Default-568h@2x.png"; sourceTree = "<group>"; };
		41E941761B7F440C00A98625 /* Default-667h@2x.png */ = {isa = PBXFileReference; lastKnownFileType = image.png; path = "Default-667h@2x.png"; sourceTree = "<group>"; };
		41E941771B7F440C00A98625 /* Default.png */ = {isa = PBXFileReference; lastKnownFileType = image.png; path = Default.png; sourceTree = "<group>"; };
		41E941781B7F440C00A98625 /* Default@2x.png */ = {isa = PBXFileReference; lastKnownFileType = image.png; path = "Default@2x.png"; sourceTree = "<group>"; };
		41E9417D1B7F448400A98625 /* Images.xcassets */ = {isa = PBXFileReference; lastKnownFileType = folder.assetcatalog; name = Images.xcassets; path = "DaLiPoker iOS/Images.xcassets"; sourceTree = SOURCE_ROOT; };
		41E941831B7F4E8E00A98625 /* btn_choice_h.png */ = {isa = PBXFileReference; lastKnownFileType = image.png; path = btn_choice_h.png; sourceTree = "<group>"; };
		41E941841B7F4E8E00A98625 /* btn_choice.png */ = {isa = PBXFileReference; lastKnownFileType = image.png; path = btn_choice.png; sourceTree = "<group>"; };
		41E941851B7F4E8E00A98625 /* poker_front_large.png */ = {isa = PBXFileReference; lastKnownFileType = image.png; path = poker_front_large.png; sourceTree = "<group>"; };
		41E9418B1B7F685800A98625 /* card */ = {isa = PBXFileReference; lastKnownFileType = folder; path = card; sourceTree = "<group>"; };
		46880B7619C43A67006E1F66 /* CloseNormal.png */ = {isa = PBXFileReference; lastKnownFileType = image.png; path = CloseNormal.png; sourceTree = "<group>"; };
		46880B7719C43A67006E1F66 /* CloseSelected.png */ = {isa = PBXFileReference; lastKnownFileType = image.png; path = CloseSelected.png; sourceTree = "<group>"; };
		46880B8419C43A87006E1F66 /* AppDelegate.cpp */ = {isa = PBXFileReference; fileEncoding = 4; lastKnownFileType = sourcecode.cpp.cpp; path = AppDelegate.cpp; sourceTree = "<group>"; };
		46880B8519C43A87006E1F66 /* AppDelegate.h */ = {isa = PBXFileReference; fileEncoding = 4; lastKnownFileType = sourcecode.c.h; path = AppDelegate.h; sourceTree = "<group>"; };
		46880B8719C43A87006E1F66 /* HelloWorldScene.h */ = {isa = PBXFileReference; fileEncoding = 4; lastKnownFileType = sourcecode.c.h; path = HelloWorldScene.h; sourceTree = "<group>"; };
		503AE0F617EB97AB00D1A890 /* Icon.icns */ = {isa = PBXFileReference; lastKnownFileType = image.icns; path = Icon.icns; sourceTree = "<group>"; };
		503AE0F717EB97AB00D1A890 /* Info.plist */ = {isa = PBXFileReference; fileEncoding = 4; lastKnownFileType = text.plist.xml; path = Info.plist; sourceTree = "<group>"; };
		503AE0FA17EB989F00D1A890 /* AppController.h */ = {isa = PBXFileReference; fileEncoding = 4; lastKnownFileType = sourcecode.c.h; name = AppController.h; path = ios/AppController.h; sourceTree = SOURCE_ROOT; };
		503AE0FB17EB989F00D1A890 /* AppController.mm */ = {isa = PBXFileReference; fileEncoding = 4; lastKnownFileType = sourcecode.cpp.objcpp; name = AppController.mm; path = ios/AppController.mm; sourceTree = SOURCE_ROOT; };
		503AE0FC17EB989F00D1A890 /* main.m */ = {isa = PBXFileReference; fileEncoding = 4; lastKnownFileType = sourcecode.c.objc; name = main.m; path = ios/main.m; sourceTree = SOURCE_ROOT; };
		503AE0FD17EB989F00D1A890 /* Prefix.pch */ = {isa = PBXFileReference; fileEncoding = 4; lastKnownFileType = sourcecode.c.h; name = Prefix.pch; path = ios/Prefix.pch; sourceTree = SOURCE_ROOT; };
		503AE0FE17EB989F00D1A890 /* RootViewController.h */ = {isa = PBXFileReference; fileEncoding = 4; lastKnownFileType = sourcecode.c.h; name = RootViewController.h; path = ios/RootViewController.h; sourceTree = SOURCE_ROOT; };
		503AE0FF17EB989F00D1A890 /* RootViewController.mm */ = {isa = PBXFileReference; fileEncoding = 4; lastKnownFileType = sourcecode.cpp.objcpp; name = RootViewController.mm; path = ios/RootViewController.mm; sourceTree = SOURCE_ROOT; };
		503AE10317EB98FF00D1A890 /* main.cpp */ = {isa = PBXFileReference; fileEncoding = 4; lastKnownFileType = sourcecode.cpp.cpp; name = main.cpp; path = mac/main.cpp; sourceTree = "<group>"; };
		503AE10417EB98FF00D1A890 /* Prefix.pch */ = {isa = PBXFileReference; fileEncoding = 4; lastKnownFileType = sourcecode.c.h; name = Prefix.pch; path = mac/Prefix.pch; sourceTree = "<group>"; };
		503AE11117EB99EE00D1A890 /* libcurl.dylib */ = {isa = PBXFileReference; lastKnownFileType = "compiled.mach-o.dylib"; name = libcurl.dylib; path = usr/lib/libcurl.dylib; sourceTree = SDKROOT; };
		503AE11A17EB9C5A00D1A890 /* IOKit.framework */ = {isa = PBXFileReference; lastKnownFileType = wrapper.framework; name = IOKit.framework; path = System/Library/Frameworks/IOKit.framework; sourceTree = SDKROOT; };
		5087E77517EB970100C73F5D /* Icon-114.png */ = {isa = PBXFileReference; lastKnownFileType = image.png; path = "Icon-114.png"; sourceTree = "<group>"; };
		5087E77617EB970100C73F5D /* Icon-120.png */ = {isa = PBXFileReference; lastKnownFileType = image.png; path = "Icon-120.png"; sourceTree = "<group>"; };
		5087E77717EB970100C73F5D /* Icon-144.png */ = {isa = PBXFileReference; lastKnownFileType = image.png; path = "Icon-144.png"; sourceTree = "<group>"; };
		5087E77817EB970100C73F5D /* Icon-152.png */ = {isa = PBXFileReference; lastKnownFileType = image.png; path = "Icon-152.png"; sourceTree = "<group>"; };
		5087E77917EB970100C73F5D /* Icon-57.png */ = {isa = PBXFileReference; lastKnownFileType = image.png; path = "Icon-57.png"; sourceTree = "<group>"; };
		5087E77A17EB970100C73F5D /* Icon-72.png */ = {isa = PBXFileReference; lastKnownFileType = image.png; path = "Icon-72.png"; sourceTree = "<group>"; };
		5087E77B17EB970100C73F5D /* Icon-76.png */ = {isa = PBXFileReference; lastKnownFileType = image.png; path = "Icon-76.png"; sourceTree = "<group>"; };
		5087E77C17EB970100C73F5D /* Info.plist */ = {isa = PBXFileReference; fileEncoding = 4; lastKnownFileType = text.plist.xml; path = Info.plist; sourceTree = "<group>"; };
		5087E78817EB974C00C73F5D /* AppKit.framework */ = {isa = PBXFileReference; lastKnownFileType = wrapper.framework; name = AppKit.framework; path = System/Library/Frameworks/AppKit.framework; sourceTree = SDKROOT; };
		5087E78A17EB975400C73F5D /* OpenGL.framework */ = {isa = PBXFileReference; lastKnownFileType = wrapper.framework; name = OpenGL.framework; path = System/Library/Frameworks/OpenGL.framework; sourceTree = SDKROOT; };
		50EF629217ECD46A001EB2F8 /* Icon-40.png */ = {isa = PBXFileReference; lastKnownFileType = image.png; path = "Icon-40.png"; sourceTree = "<group>"; };
		50EF629317ECD46A001EB2F8 /* Icon-58.png */ = {isa = PBXFileReference; lastKnownFileType = image.png; path = "Icon-58.png"; sourceTree = "<group>"; };
		50EF629417ECD46A001EB2F8 /* Icon-80.png */ = {isa = PBXFileReference; lastKnownFileType = image.png; path = "Icon-80.png"; sourceTree = "<group>"; };
		50EF629517ECD46A001EB2F8 /* Icon-100.png */ = {isa = PBXFileReference; lastKnownFileType = image.png; path = "Icon-100.png"; sourceTree = "<group>"; };
		50EF62A017ECD613001EB2F8 /* Icon-29.png */ = {isa = PBXFileReference; lastKnownFileType = image.png; path = "Icon-29.png"; sourceTree = "<group>"; };
		50EF62A117ECD613001EB2F8 /* Icon-50.png */ = {isa = PBXFileReference; lastKnownFileType = image.png; path = "Icon-50.png"; sourceTree = "<group>"; };
		521A8EA819F11F5000D177D7 /* fonts */ = {isa = PBXFileReference; lastKnownFileType = folder; path = fonts; sourceTree = "<group>"; };
		52B47A461A53D09B004E4C60 /* Security.framework */ = {isa = PBXFileReference; lastKnownFileType = wrapper.framework; name = Security.framework; path = Platforms/iPhoneOS.platform/Developer/SDKs/iPhoneOS8.1.sdk/System/Library/Frameworks/Security.framework; sourceTree = DEVELOPER_DIR; };
		8262943D1AAF051F00CB7CF7 /* Security.framework */ = {isa = PBXFileReference; lastKnownFileType = wrapper.framework; name = Security.framework; path = System/Library/Frameworks/Security.framework; sourceTree = SDKROOT; };
		BF170DB012928DE900B8313A /* OpenGLES.framework */ = {isa = PBXFileReference; lastKnownFileType = wrapper.framework; name = OpenGLES.framework; path = System/Library/Frameworks/OpenGLES.framework; sourceTree = SDKROOT; };
		BF170DB412928DE900B8313A /* libz.dylib */ = {isa = PBXFileReference; lastKnownFileType = "compiled.mach-o.dylib"; name = libz.dylib; path = usr/lib/libz.dylib; sourceTree = SDKROOT; };
		BF1C47EA1293683800B63C5D /* QuartzCore.framework */ = {isa = PBXFileReference; lastKnownFileType = wrapper.framework; name = QuartzCore.framework; path = System/Library/Frameworks/QuartzCore.framework; sourceTree = SDKROOT; };
		D44C620B132DFF330009C878 /* OpenAL.framework */ = {isa = PBXFileReference; lastKnownFileType = wrapper.framework; name = OpenAL.framework; path = System/Library/Frameworks/OpenAL.framework; sourceTree = SDKROOT; };
		D44C620D132DFF430009C878 /* AVFoundation.framework */ = {isa = PBXFileReference; lastKnownFileType = wrapper.framework; name = AVFoundation.framework; path = System/Library/Frameworks/AVFoundation.framework; sourceTree = SDKROOT; };
		D44C620F132DFF4E0009C878 /* AudioToolbox.framework */ = {isa = PBXFileReference; lastKnownFileType = wrapper.framework; name = AudioToolbox.framework; path = System/Library/Frameworks/AudioToolbox.framework; sourceTree = SDKROOT; };
		D6B0611A1803AB670077942B /* CoreMotion.framework */ = {isa = PBXFileReference; lastKnownFileType = wrapper.framework; name = CoreMotion.framework; path = Platforms/iPhoneOS.platform/Developer/SDKs/iPhoneOS7.0.sdk/System/Library/Frameworks/CoreMotion.framework; sourceTree = DEVELOPER_DIR; };
/* End PBXFileReference section */

/* Begin PBXFrameworksBuildPhase section */
		1D60588F0D05DD3D006BFB54 /* Frameworks */ = {
			isa = PBXFrameworksBuildPhase;
			buildActionMask = 2147483647;
			files = (
				52B47A471A53D09C004E4C60 /* Security.framework in Frameworks */,
				1AC6FB30180E99EB004C840B /* libcocos2d iOS.a in Frameworks */,
				D6B0611B1803AB670077942B /* CoreMotion.framework in Frameworks */,
				1D60589F0D05DD5A006BFB54 /* Foundation.framework in Frameworks */,
				1DF5F4E00D08C38300B7A737 /* UIKit.framework in Frameworks */,
				288765A50DF7441C002DB57D /* CoreGraphics.framework in Frameworks */,
				BF171245129291EC00B8313A /* OpenGLES.framework in Frameworks */,
				BF1712471292920000B8313A /* libz.dylib in Frameworks */,
				BF1C47F01293687400B63C5D /* QuartzCore.framework in Frameworks */,
				D44C620C132DFF330009C878 /* OpenAL.framework in Frameworks */,
				D44C620E132DFF430009C878 /* AVFoundation.framework in Frameworks */,
				D44C6210132DFF4E0009C878 /* AudioToolbox.framework in Frameworks */,
			);
			runOnlyForDeploymentPostprocessing = 0;
		};
		411512061BA57636009274DA /* Frameworks */ = {
			isa = PBXFrameworksBuildPhase;
			buildActionMask = 2147483647;
			files = (
			);
			runOnlyForDeploymentPostprocessing = 0;
		};
/* End PBXFrameworksBuildPhase section */

/* Begin PBXGroup section */
		080E96DDFE201D6D7F000001 /* ios */ = {
			isa = PBXGroup;
			children = (
				5087E77117EB970100C73F5D /* Icons */,
				503AE0FA17EB989F00D1A890 /* AppController.h */,
				503AE0FB17EB989F00D1A890 /* AppController.mm */,
				503AE0FC17EB989F00D1A890 /* main.m */,
				503AE0FD17EB989F00D1A890 /* Prefix.pch */,
				503AE0FE17EB989F00D1A890 /* RootViewController.h */,
				503AE0FF17EB989F00D1A890 /* RootViewController.mm */,
			);
			name = ios;
			path = Classes;
			sourceTree = "<group>";
		};
		19C28FACFE9D520D11CA2CBB /* Products */ = {
			isa = PBXGroup;
			children = (
				1D6058910D05DD3D006BFB54 /* DaLiPoker iOS.app */,
				411512091BA57636009274DA /* GameTestCmd */,
			);
			name = Products;
			sourceTree = "<group>";
		};
		1AC6FAE6180E9839004C840B /* Products */ = {
			isa = PBXGroup;
			children = (
				1AC6FAF9180E9839004C840B /* libcocos2d Mac.a */,
				1AC6FB07180E9839004C840B /* libcocos2d iOS.a */,
			);
			name = Products;
			sourceTree = "<group>";
		};
		29B97314FDCFA39411CA2CEA /* CustomTemplate */ = {
			isa = PBXGroup;
			children = (
				46880B8319C43A87006E1F66 /* Classes */,
				46880B7519C43A67006E1F66 /* Resources */,
				1AC6FAE5180E9839004C840B /* cocos2d_libs.xcodeproj */,
				4115120A1BA57636009274DA /* GameTestCmd */,
				29B97323FDCFA39411CA2CEA /* Frameworks */,
				080E96DDFE201D6D7F000001 /* ios */,
				503AE10617EB990700D1A890 /* mac */,
				19C28FACFE9D520D11CA2CBB /* Products */,
			);
			name = CustomTemplate;
			sourceTree = "<group>";
		};
		29B97323FDCFA39411CA2CEA /* Frameworks */ = {
			isa = PBXGroup;
			children = (
				8262943D1AAF051F00CB7CF7 /* Security.framework */,
				52B47A461A53D09B004E4C60 /* Security.framework */,
				D6B0611A1803AB670077942B /* CoreMotion.framework */,
				503AE11A17EB9C5A00D1A890 /* IOKit.framework */,
				503AE11117EB99EE00D1A890 /* libcurl.dylib */,
				5087E78A17EB975400C73F5D /* OpenGL.framework */,
				5087E78817EB974C00C73F5D /* AppKit.framework */,
				1ACB3243164770DE00914215 /* libcurl.a */,
				BF170DB412928DE900B8313A /* libz.dylib */,
				D44C620F132DFF4E0009C878 /* AudioToolbox.framework */,
				D44C620D132DFF430009C878 /* AVFoundation.framework */,
				288765A40DF7441C002DB57D /* CoreGraphics.framework */,
				1D30AB110D05D00D00671497 /* Foundation.framework */,
				D44C620B132DFF330009C878 /* OpenAL.framework */,
				BF170DB012928DE900B8313A /* OpenGLES.framework */,
				BF1C47EA1293683800B63C5D /* QuartzCore.framework */,
				1DF5F4DF0D08C38300B7A737 /* UIKit.framework */,
			);
			name = Frameworks;
			sourceTree = "<group>";
		};
		4115120A1BA57636009274DA /* GameTestCmd */ = {
			isa = PBXGroup;
			children = (
				411512101BA579FC009274DA /* model */,
				4115120B1BA57636009274DA /* main.cpp */,
			);
			path = GameTestCmd;
			sourceTree = "<group>";
		};
		411512101BA579FC009274DA /* model */ = {
			isa = PBXGroup;
			children = (
				411512111BA579FC009274DA /* AIPlayer.cpp */,
				411512121BA579FC009274DA /* AIPlayer.h */,
				411512131BA579FC009274DA /* Card.cpp */,
				411512141BA579FC009274DA /* Card.h */,
				411512151BA579FC009274DA /* def.h */,
				411512161BA579FC009274DA /* Game.cpp */,
				411512171BA579FC009274DA /* Game.h */,
				411512181BA579FC009274DA /* Player.cpp */,
				411512191BA579FC009274DA /* Player.h */,
				4115121A1BA579FC009274DA /* Recorder.cpp */,
				4115121B1BA579FC009274DA /* Recorder.h */,
				4115121C1BA579FC009274DA /* StateBase.cpp */,
				4115121D1BA579FC009274DA /* StateBase.h */,
				4115121E1BA579FC009274DA /* StateDeal.cpp */,
				4115121F1BA579FC009274DA /* StateDeal.h */,
				411512201BA579FC009274DA /* StateFinish.cpp */,
				411512211BA579FC009274DA /* StateFinish.h */,
				411512221BA579FC009274DA /* StateInit.cpp */,
				411512231BA579FC009274DA /* StateInit.h */,
				411512241BA579FC009274DA /* StateOpponentChoice.cpp */,
				411512251BA579FC009274DA /* StateOpponentChoice.h */,
				411512261BA579FC009274DA /* StatePlayerChoice.cpp */,
				411512271BA579FC009274DA /* StatePlayerChoice.h */,
				411512281BA579FC009274DA /* StateSwitchPlayer.cpp */,
				411512291BA579FC009274DA /* StateSwitchPlayer.h */,
				4115122A1BA579FC009274DA /* Utils.cpp */,
				4115122B1BA579FC009274DA /* Utils.h */,
			);
			name = model;
			path = ../../Classes/model;
			sourceTree = "<group>";
		};
		4132CF861B6FA07900F42F1A /* game */ = {
			isa = PBXGroup;
			children = (
				4132CF871B6FA07900F42F1A /* GameLayer.cpp */,
				4132CF881B6FA07900F42F1A /* GameLayer.h */,
				4132CF891B6FA07900F42F1A /* PauseLayer.cpp */,
				4132CF8A1B6FA07900F42F1A /* PauseLayer.h */,
				4132CF8B1B6FA07900F42F1A /* PlayScene.cpp */,
				4132CF8C1B6FA07900F42F1A /* PlayScene.h */,
				4132CFA41B6FA22000F42F1A /* UserChoiceLayer.cpp */,
				4132CFA51B6FA22000F42F1A /* UserChoiceLayer.h */,
			);
			path = game;
			sourceTree = "<group>";
		};
		4132CF8D1B6FA07900F42F1A /* model */ = {
			isa = PBXGroup;
			children = (
				4169E6711B8876B500331C75 /* state */,
				4132CF8E1B6FA07900F42F1A /* AIPlayer.cpp */,
				4132CF8F1B6FA07900F42F1A /* AIPlayer.h */,
				4132CF901B6FA07900F42F1A /* Card.cpp */,
				4132CF911B6FA07900F42F1A /* Card.h */,
				4132CF921B6FA07900F42F1A /* def.h */,
				4132CF931B6FA07900F42F1A /* Game.cpp */,
				4132CF941B6FA07900F42F1A /* Game.h */,
				4132CF951B6FA07900F42F1A /* Player.cpp */,
				4132CF961B6FA07900F42F1A /* Player.h */,
				4132CF971B6FA07900F42F1A /* Recorder.cpp */,
				4132CF981B6FA07900F42F1A /* Recorder.h */,
				4132CF991B6FA07900F42F1A /* Utils.cpp */,
				4132CF9A1B6FA07900F42F1A /* Utils.h */,
			);
			path = model;
			sourceTree = "<group>";
		};
		4169E6711B8876B500331C75 /* state */ = {
			isa = PBXGroup;
			children = (
				4169E6721B8876CA00331C75 /* StateInit.cpp */,
				4169E6731B8876CA00331C75 /* StateInit.h */,
				4169E6751B8876D800331C75 /* StateBase.cpp */,
				4169E6761B8876D800331C75 /* StateBase.h */,
				4169E6781B8876EF00331C75 /* StateDeal.cpp */,
				4169E6791B8876EF00331C75 /* StateDeal.h */,
				4169E67B1B88770000331C75 /* StatePlayerChoice.cpp */,
				4169E67C1B88770000331C75 /* StatePlayerChoice.h */,
				4169E67E1B88772D00331C75 /* StateOpponentChoice.cpp */,
				4169E67F1B88772D00331C75 /* StateOpponentChoice.h */,
				4169E6811B88773D00331C75 /* StateSwitchPlayer.cpp */,
				4169E6821B88773D00331C75 /* StateSwitchPlayer.h */,
				4169E6871B887B7900331C75 /* StateFinish.cpp */,
				4169E6881B887B7900331C75 /* StateFinish.h */,
			);
			name = state;
			sourceTree = "<group>";
		};
		46880B7519C43A67006E1F66 /* Resources */ = {
			isa = PBXGroup;
			children = (
				41E9418B1B7F685800A98625 /* card */,
				41E941831B7F4E8E00A98625 /* btn_choice_h.png */,
				41E941841B7F4E8E00A98625 /* btn_choice.png */,
				41E941851B7F4E8E00A98625 /* poker_front_large.png */,
				41E9417D1B7F448400A98625 /* Images.xcassets */,
				41E941711B7F409C00A98625 /* HelloWorld.jpg */,
				41E941641B7F399400A98625 /* game_bg.jpg */,
				41E941651B7F399400A98625 /* poker_back.png */,
				41E941661B7F399400A98625 /* poker_discard.png */,
				41E941671B7F399400A98625 /* poker_front.png */,
				521A8EA819F11F5000D177D7 /* fonts */,
				3EACC98E19EE6D4300EB3C5E /* res */,
				46880B7619C43A67006E1F66 /* CloseNormal.png */,
				46880B7719C43A67006E1F66 /* CloseSelected.png */,
			);
			name = Resources;
			path = ../Resources;
			sourceTree = "<group>";
		};
		46880B8319C43A87006E1F66 /* Classes */ = {
			isa = PBXGroup;
			children = (
				4132CF861B6FA07900F42F1A /* game */,
				4132CF8D1B6FA07900F42F1A /* model */,
				46880B8419C43A87006E1F66 /* AppDelegate.cpp */,
				46880B8519C43A87006E1F66 /* AppDelegate.h */,
				419847611B6E5FF000F8A29B /* HelloWorldScene.cpp */,
				46880B8719C43A87006E1F66 /* HelloWorldScene.h */,
			);
			name = Classes;
			path = ../Classes;
			sourceTree = "<group>";
		};
		503AE0F517EB97AB00D1A890 /* Icons */ = {
			isa = PBXGroup;
			children = (
				503AE0F617EB97AB00D1A890 /* Icon.icns */,
				503AE0F717EB97AB00D1A890 /* Info.plist */,
			);
			name = Icons;
			path = mac;
			sourceTree = SOURCE_ROOT;
		};
		503AE10617EB990700D1A890 /* mac */ = {
			isa = PBXGroup;
			children = (
				503AE0F517EB97AB00D1A890 /* Icons */,
				503AE10317EB98FF00D1A890 /* main.cpp */,
				503AE10417EB98FF00D1A890 /* Prefix.pch */,
			);
			name = mac;
			sourceTree = "<group>";
		};
		5087E77117EB970100C73F5D /* Icons */ = {
			isa = PBXGroup;
			children = (
				41E941751B7F440C00A98625 /* Default-568h@2x.png */,
				41E941761B7F440C00A98625 /* Default-667h@2x.png */,
				41E941771B7F440C00A98625 /* Default.png */,
				41E941781B7F440C00A98625 /* Default@2x.png */,
				50EF62A017ECD613001EB2F8 /* Icon-29.png */,
				50EF62A117ECD613001EB2F8 /* Icon-50.png */,
				50EF629217ECD46A001EB2F8 /* Icon-40.png */,
				50EF629317ECD46A001EB2F8 /* Icon-58.png */,
				50EF629417ECD46A001EB2F8 /* Icon-80.png */,
				50EF629517ECD46A001EB2F8 /* Icon-100.png */,
				5087E77517EB970100C73F5D /* Icon-114.png */,
				5087E77617EB970100C73F5D /* Icon-120.png */,
				5087E77717EB970100C73F5D /* Icon-144.png */,
				5087E77817EB970100C73F5D /* Icon-152.png */,
				5087E77917EB970100C73F5D /* Icon-57.png */,
				5087E77A17EB970100C73F5D /* Icon-72.png */,
				5087E77B17EB970100C73F5D /* Icon-76.png */,
				5087E77C17EB970100C73F5D /* Info.plist */,
			);
			name = Icons;
			path = ios;
			sourceTree = SOURCE_ROOT;
		};
/* End PBXGroup section */

/* Begin PBXNativeTarget section */
		1D6058900D05DD3D006BFB54 /* DaLiPoker iOS */ = {
			isa = PBXNativeTarget;
			buildConfigurationList = 1D6058960D05DD3E006BFB54 /* Build configuration list for PBXNativeTarget "DaLiPoker iOS" */;
			buildPhases = (
				1D60588D0D05DD3D006BFB54 /* Resources */,
				1D60588E0D05DD3D006BFB54 /* Sources */,
				1D60588F0D05DD3D006BFB54 /* Frameworks */,
			);
			buildRules = (
			);
			dependencies = (
				1AC6FB25180E99E1004C840B /* PBXTargetDependency */,
			);
			name = "DaLiPoker iOS";
			productName = iphone;
			productReference = 1D6058910D05DD3D006BFB54 /* DaLiPoker iOS.app */;
			productType = "com.apple.product-type.application";
		};
		411512081BA57636009274DA /* GameTestCmd */ = {
			isa = PBXNativeTarget;
			buildConfigurationList = 4115120D1BA57636009274DA /* Build configuration list for PBXNativeTarget "GameTestCmd" */;
			buildPhases = (
				411512051BA57636009274DA /* Sources */,
				411512061BA57636009274DA /* Frameworks */,
				411512071BA57636009274DA /* CopyFiles */,
			);
			buildRules = (
			);
			dependencies = (
			);
			name = GameTestCmd;
			productName = GameTestCmd;
			productReference = 411512091BA57636009274DA /* GameTestCmd */;
			productType = "com.apple.product-type.tool";
		};
/* End PBXNativeTarget section */

/* Begin PBXProject section */
		29B97313FDCFA39411CA2CEA /* Project object */ = {
			isa = PBXProject;
			attributes = {
				LastUpgradeCheck = 0500;
				TargetAttributes = {
					1D6058900D05DD3D006BFB54 = {
						DevelopmentTeam = RAG5RFUBYC;
					};
					411512081BA57636009274DA = {
						CreatedOnToolsVersion = 6.4;
					};
				};
			};
			buildConfigurationList = C01FCF4E08A954540054247B /* Build configuration list for PBXProject "DaLiPoker" */;
			compatibilityVersion = "Xcode 3.2";
			developmentRegion = English;
			hasScannedForEncodings = 1;
			knownRegions = (
				English,
				Japanese,
				French,
				German,
			);
			mainGroup = 29B97314FDCFA39411CA2CEA /* CustomTemplate */;
			projectDirPath = "";
			projectReferences = (
				{
					ProductGroup = 1AC6FAE6180E9839004C840B /* Products */;
					ProjectRef = 1AC6FAE5180E9839004C840B /* cocos2d_libs.xcodeproj */;
				},
			);
			projectRoot = "";
			targets = (
				1D6058900D05DD3D006BFB54 /* DaLiPoker iOS */,
				411512081BA57636009274DA /* GameTestCmd */,
			);
		};
/* End PBXProject section */

/* Begin PBXReferenceProxy section */
		1AC6FAF9180E9839004C840B /* libcocos2d Mac.a */ = {
			isa = PBXReferenceProxy;
			fileType = archive.ar;
			path = "libcocos2d Mac.a";
			remoteRef = 1AC6FAF8180E9839004C840B /* PBXContainerItemProxy */;
			sourceTree = BUILT_PRODUCTS_DIR;
		};
		1AC6FB07180E9839004C840B /* libcocos2d iOS.a */ = {
			isa = PBXReferenceProxy;
			fileType = archive.ar;
			path = "libcocos2d iOS.a";
			remoteRef = 1AC6FB06180E9839004C840B /* PBXContainerItemProxy */;
			sourceTree = BUILT_PRODUCTS_DIR;
		};
/* End PBXReferenceProxy section */

/* Begin PBXResourcesBuildPhase section */
		1D60588D0D05DD3D006BFB54 /* Resources */ = {
			isa = PBXResourcesBuildPhase;
			buildActionMask = 2147483647;
			files = (
				5087E78117EB970100C73F5D /* Icon-120.png in Resources */,
				41E941691B7F399400A98625 /* poker_back.png in Resources */,
				5087E78617EB970100C73F5D /* Icon-76.png in Resources */,
				50EF629917ECD46A001EB2F8 /* Icon-100.png in Resources */,
				41E941681B7F399400A98625 /* game_bg.jpg in Resources */,
				5087E78317EB970100C73F5D /* Icon-152.png in Resources */,
				46880B7D19C43A67006E1F66 /* CloseSelected.png in Resources */,
				5087E78517EB970100C73F5D /* Icon-72.png in Resources */,
				521A8EA919F11F5000D177D7 /* fonts in Resources */,
				41E9416B1B7F399400A98625 /* poker_front.png in Resources */,
				41E9417B1B7F440C00A98625 /* Default.png in Resources */,
				50EF62A317ECD613001EB2F8 /* Icon-50.png in Resources */,
				41E9417C1B7F440C00A98625 /* Default@2x.png in Resources */,
				5087E78017EB970100C73F5D /* Icon-114.png in Resources */,
				50EF62A217ECD613001EB2F8 /* Icon-29.png in Resources */,
				50EF629617ECD46A001EB2F8 /* Icon-40.png in Resources */,
				5087E78217EB970100C73F5D /* Icon-144.png in Resources */,
				41E9417A1B7F440C00A98625 /* Default-667h@2x.png in Resources */,
				3EACC98F19EE6D4300EB3C5E /* res in Resources */,
				41E941881B7F4E8E00A98625 /* poker_front_large.png in Resources */,
				50EF629817ECD46A001EB2F8 /* Icon-80.png in Resources */,
				41E9416A1B7F399400A98625 /* poker_discard.png in Resources */,
				5087E78417EB970100C73F5D /* Icon-57.png in Resources */,
				41E941871B7F4E8E00A98625 /* btn_choice.png in Resources */,
				46880B7B19C43A67006E1F66 /* CloseNormal.png in Resources */,
				41E941721B7F409C00A98625 /* HelloWorld.jpg in Resources */,
				41E941861B7F4E8E00A98625 /* btn_choice_h.png in Resources */,
				41E9417E1B7F448400A98625 /* Images.xcassets in Resources */,
				41E941791B7F440C00A98625 /* Default-568h@2x.png in Resources */,
				41E9418C1B7F685800A98625 /* card in Resources */,
				50EF629717ECD46A001EB2F8 /* Icon-58.png in Resources */,
			);
			runOnlyForDeploymentPostprocessing = 0;
		};
/* End PBXResourcesBuildPhase section */

/* Begin PBXSourcesBuildPhase section */
		1D60588E0D05DD3D006BFB54 /* Sources */ = {
			isa = PBXSourcesBuildPhase;
			buildActionMask = 2147483647;
			files = (
				46880B8819C43A87006E1F66 /* AppDelegate.cpp in Sources */,
				419847621B6E5FF000F8A29B /* HelloWorldScene.cpp in Sources */,
				4132CF9D1B6FA07900F42F1A /* PlayScene.cpp in Sources */,
				4169E6801B88772D00331C75 /* StateOpponentChoice.cpp in Sources */,
				4169E6831B88773D00331C75 /* StateSwitchPlayer.cpp in Sources */,
				4169E67A1B8876EF00331C75 /* StateDeal.cpp in Sources */,
				4169E6741B8876CA00331C75 /* StateInit.cpp in Sources */,
				4169E6771B8876D800331C75 /* StateBase.cpp in Sources */,
				503AE10017EB989F00D1A890 /* AppController.mm in Sources */,
				503AE10217EB989F00D1A890 /* RootViewController.mm in Sources */,
				503AE10117EB989F00D1A890 /* main.m in Sources */,
				4132CFA21B6FA07900F42F1A /* Recorder.cpp in Sources */,
				4169E67D1B88770000331C75 /* StatePlayerChoice.cpp in Sources */,
				4132CF9C1B6FA07900F42F1A /* PauseLayer.cpp in Sources */,
				4132CFA01B6FA07900F42F1A /* Game.cpp in Sources */,
				4132CFA61B6FA22000F42F1A /* UserChoiceLayer.cpp in Sources */,
				4169E6891B887B7900331C75 /* StateFinish.cpp in Sources */,
				4132CFA31B6FA07900F42F1A /* Utils.cpp in Sources */,
				4132CFA11B6FA07900F42F1A /* Player.cpp in Sources */,
				4132CF9E1B6FA07900F42F1A /* AIPlayer.cpp in Sources */,
				4132CF9B1B6FA07900F42F1A /* GameLayer.cpp in Sources */,
				4132CF9F1B6FA07900F42F1A /* Card.cpp in Sources */,
			);
			runOnlyForDeploymentPostprocessing = 0;
		};
		411512051BA57636009274DA /* Sources */ = {
			isa = PBXSourcesBuildPhase;
			buildActionMask = 2147483647;
			files = (
				4115122D1BA579FC009274DA /* Card.cpp in Sources */,
				4115122C1BA579FC009274DA /* AIPlayer.cpp in Sources */,
				4115120C1BA57636009274DA /* main.cpp in Sources */,
				411512361BA579FC009274DA /* StatePlayerChoice.cpp in Sources */,
				411512301BA579FC009274DA /* Recorder.cpp in Sources */,
				4115122E1BA579FC009274DA /* Game.cpp in Sources */,
				411512341BA579FC009274DA /* StateInit.cpp in Sources */,
				411512331BA579FC009274DA /* StateFinish.cpp in Sources */,
				411512371BA579FC009274DA /* StateSwitchPlayer.cpp in Sources */,
				411512381BA579FC009274DA /* Utils.cpp in Sources */,
				411512321BA579FC009274DA /* StateDeal.cpp in Sources */,
				411512351BA579FC009274DA /* StateOpponentChoice.cpp in Sources */,
				411512311BA579FC009274DA /* StateBase.cpp in Sources */,
				4115122F1BA579FC009274DA /* Player.cpp in Sources */,
			);
			runOnlyForDeploymentPostprocessing = 0;
		};
/* End PBXSourcesBuildPhase section */

/* Begin PBXTargetDependency section */
		1AC6FB25180E99E1004C840B /* PBXTargetDependency */ = {
			isa = PBXTargetDependency;
			name = "cocos2dx iOS";
			targetProxy = 1AC6FB24180E99E1004C840B /* PBXContainerItemProxy */;
		};
/* End PBXTargetDependency section */

/* Begin XCBuildConfiguration section */
		1D6058940D05DD3E006BFB54 /* Debug */ = {
			isa = XCBuildConfiguration;
			buildSettings = {
				ALWAYS_SEARCH_USER_PATHS = YES;
				CODE_SIGN_IDENTITY = "iPhone Developer";
				COMPRESS_PNG_FILES = NO;
				ENABLE_BITCODE = NO;
				GCC_DYNAMIC_NO_PIC = NO;
				GCC_INLINES_ARE_PRIVATE_EXTERN = NO;
				GCC_PRECOMPILE_PREFIX_HEADER = YES;
				GCC_PREFIX_HEADER = ios/Prefix.pch;
				GCC_PREPROCESSOR_DEFINITIONS = (
					USE_FILE32API,
					CC_TARGET_OS_IPHONE,
					"COCOS2D_DEBUG=1",
					"CC_ENABLE_CHIPMUNK_INTEGRATION=1",
				);
				GCC_SYMBOLS_PRIVATE_EXTERN = NO;
				HEADER_SEARCH_PATHS = (
					"$(inherited)",
					"$(SRCROOT)/../cocos2d/cocos/platform/ios",
					"$(SRCROOT)/../cocos2d/cocos/platform/ios/Simulation",
				);
				INFOPLIST_FILE = ios/Info.plist;
				IPHONEOS_DEPLOYMENT_TARGET = 5.0;
				LIBRARY_SEARCH_PATHS = "";
				OTHER_LDFLAGS = (
					"$(_COCOS_LIB_IOS_BEGIN)",
					"$(_COCOS_LIB_IOS_END)",
				);
				SDKROOT = iphoneos;
				TARGETED_DEVICE_FAMILY = "1,2";
				USER_HEADER_SEARCH_PATHS = "$(_COCOS_HEADER_IOS_BEGIN) $(_COCOS_HEADER_IOS_END)";
				VALID_ARCHS = "arm64 armv7";
			};
			name = Debug;
		};
		1D6058950D05DD3E006BFB54 /* Release */ = {
			isa = XCBuildConfiguration;
			buildSettings = {
				ALWAYS_SEARCH_USER_PATHS = YES;
				CODE_SIGN_IDENTITY = "iPhone Developer";
				COMPRESS_PNG_FILES = NO;
				ENABLE_BITCODE = NO;
				GCC_INLINES_ARE_PRIVATE_EXTERN = NO;
				GCC_PRECOMPILE_PREFIX_HEADER = YES;
				GCC_PREFIX_HEADER = ios/Prefix.pch;
				GCC_PREPROCESSOR_DEFINITIONS = (
					USE_FILE32API,
					CC_TARGET_OS_IPHONE,
					"CC_ENABLE_CHIPMUNK_INTEGRATION=1",
				);
				GCC_SYMBOLS_PRIVATE_EXTERN = NO;
				HEADER_SEARCH_PATHS = (
					"$(inherited)",
					"$(SRCROOT)/../cocos2d/cocos/platform/ios",
					"$(SRCROOT)/../cocos2d/cocos/platform/ios/Simulation",
				);
				INFOPLIST_FILE = ios/Info.plist;
				IPHONEOS_DEPLOYMENT_TARGET = 5.0;
				LIBRARY_SEARCH_PATHS = "";
				OTHER_LDFLAGS = (
					"$(_COCOS_LIB_IOS_BEGIN)",
					"$(_COCOS_LIB_IOS_END)",
				);
				SDKROOT = iphoneos;
				TARGETED_DEVICE_FAMILY = "1,2";
				USER_HEADER_SEARCH_PATHS = "$(_COCOS_HEADER_IOS_BEGIN) $(_COCOS_HEADER_IOS_END)";
				VALID_ARCHS = "arm64 armv7";
			};
			name = Release;
		};
		4115120E1BA57636009274DA /* Debug */ = {
			isa = XCBuildConfiguration;
			buildSettings = {
				ALWAYS_SEARCH_USER_PATHS = NO;
				CLANG_CXX_LANGUAGE_STANDARD = "gnu++0x";
				CLANG_ENABLE_MODULES = YES;
				CLANG_ENABLE_OBJC_ARC = YES;
				CLANG_WARN_BOOL_CONVERSION = YES;
				CLANG_WARN_CONSTANT_CONVERSION = YES;
				CLANG_WARN_DIRECT_OBJC_ISA_USAGE = YES_ERROR;
				CLANG_WARN_EMPTY_BODY = YES;
				CLANG_WARN_ENUM_CONVERSION = YES;
				CLANG_WARN_INT_CONVERSION = YES;
				CLANG_WARN_OBJC_ROOT_CLASS = YES_ERROR;
				CLANG_WARN_UNREACHABLE_CODE = YES;
				CLANG_WARN__DUPLICATE_METHOD_MATCH = YES;
				DEBUG_INFORMATION_FORMAT = dwarf;
				ENABLE_STRICT_OBJC_MSGSEND = YES;
				GCC_C_LANGUAGE_STANDARD = gnu99;
				GCC_DYNAMIC_NO_PIC = NO;
				GCC_NO_COMMON_BLOCKS = YES;
				GCC_PREPROCESSOR_DEFINITIONS = (
					"DEBUG=1",
					"$(inherited)",
				);
				GCC_SYMBOLS_PRIVATE_EXTERN = NO;
				GCC_WARN_64_TO_32_BIT_CONVERSION = YES;
				GCC_WARN_ABOUT_RETURN_TYPE = YES_ERROR;
				GCC_WARN_UNDECLARED_SELECTOR = YES;
				GCC_WARN_UNINITIALIZED_AUTOS = YES_AGGRESSIVE;
				GCC_WARN_UNUSED_FUNCTION = YES;
				MACOSX_DEPLOYMENT_TARGET = 10.10;
				MTL_ENABLE_DEBUG_INFO = YES;
				PRODUCT_NAME = "$(TARGET_NAME)";
			};
			name = Debug;
		};
		4115120F1BA57636009274DA /* Release */ = {
			isa = XCBuildConfiguration;
			buildSettings = {
				ALWAYS_SEARCH_USER_PATHS = NO;
				CLANG_CXX_LANGUAGE_STANDARD = "gnu++0x";
				CLANG_ENABLE_MODULES = YES;
				CLANG_ENABLE_OBJC_ARC = YES;
				CLANG_WARN_BOOL_CONVERSION = YES;
				CLANG_WARN_CONSTANT_CONVERSION = YES;
				CLANG_WARN_DIRECT_OBJC_ISA_USAGE = YES_ERROR;
				CLANG_WARN_EMPTY_BODY = YES;
				CLANG_WARN_ENUM_CONVERSION = YES;
				CLANG_WARN_INT_CONVERSION = YES;
				CLANG_WARN_OBJC_ROOT_CLASS = YES_ERROR;
				CLANG_WARN_UNREACHABLE_CODE = YES;
				CLANG_WARN__DUPLICATE_METHOD_MATCH = YES;
				COPY_PHASE_STRIP = NO;
				DEBUG_INFORMATION_FORMAT = "dwarf-with-dsym";
				ENABLE_NS_ASSERTIONS = NO;
				ENABLE_STRICT_OBJC_MSGSEND = YES;
				GCC_C_LANGUAGE_STANDARD = gnu99;
				GCC_NO_COMMON_BLOCKS = YES;
				GCC_WARN_64_TO_32_BIT_CONVERSION = YES;
				GCC_WARN_ABOUT_RETURN_TYPE = YES_ERROR;
				GCC_WARN_UNDECLARED_SELECTOR = YES;
				GCC_WARN_UNINITIALIZED_AUTOS = YES_AGGRESSIVE;
				GCC_WARN_UNUSED_FUNCTION = YES;
				MACOSX_DEPLOYMENT_TARGET = 10.10;
				MTL_ENABLE_DEBUG_INFO = NO;
				PRODUCT_NAME = "$(TARGET_NAME)";
			};
			name = Release;
		};
		C01FCF4F08A954540054247B /* Debug */ = {
			isa = XCBuildConfiguration;
			buildSettings = {
				CLANG_CXX_LANGUAGE_STANDARD = "c++0x";
				CLANG_CXX_LIBRARY = "libc++";
				CODE_SIGN_IDENTITY = "iPhone Developer: Hanxiong Wang (SR8YE8438U)";
				COPY_PHASE_STRIP = NO;
				GCC_OPTIMIZATION_LEVEL = 0;
				GCC_WARN_ABOUT_RETURN_TYPE = YES;
				GCC_WARN_UNUSED_VARIABLE = YES;
				HEADER_SEARCH_PATHS = (
					"$(SRCROOT)/../cocos2d",
					"$(SRCROOT)/../cocos2d/cocos",
					"$(SRCROOT)/../cocos2d/cocos/base",
					"$(SRCROOT)/../cocos2d/cocos/physics",
					"$(SRCROOT)/../cocos2d/cocos/math",
					"$(SRCROOT)/../cocos2d/cocos/2d",
					"$(SRCROOT)/../cocos2d/cocos/ui",
					"$(SRCROOT)/../cocos2d/cocos/network",
					"$(SRCROOT)/../cocos2d/cocos/audio/include",
					"$(SRCROOT)/../cocos2d/cocos/editor-support",
					"$(SRCROOT)/../cocos2d/extensions",
					"$(SRCROOT)/../cocos2d/external",
					"$(SRCROOT)/../cocos2d/external/chipmunk/include/chipmunk",
				);
				MACOSX_DEPLOYMENT_TARGET = 10.7;
				ONLY_ACTIVE_ARCH = YES;
				PRODUCT_NAME = "$(TARGET_NAME)";
				PROVISIONING_PROFILE = "";
				SDKROOT = macosx;
			};
			name = Debug;
		};
		C01FCF5008A954540054247B /* Release */ = {
			isa = XCBuildConfiguration;
			buildSettings = {
				CLANG_CXX_LANGUAGE_STANDARD = "c++0x";
				CLANG_CXX_LIBRARY = "libc++";
				CODE_SIGN_IDENTITY = "iPhone Distribution: Hanxiong Wang (RAG5RFUBYC)";
				GCC_WARN_ABOUT_RETURN_TYPE = YES;
				GCC_WARN_UNUSED_VARIABLE = YES;
				HEADER_SEARCH_PATHS = (
					"$(SRCROOT)/../cocos2d",
					"$(SRCROOT)/../cocos2d/cocos",
					"$(SRCROOT)/../cocos2d/cocos/base",
					"$(SRCROOT)/../cocos2d/cocos/physics",
					"$(SRCROOT)/../cocos2d/cocos/math",
					"$(SRCROOT)/../cocos2d/cocos/2d",
					"$(SRCROOT)/../cocos2d/cocos/ui",
					"$(SRCROOT)/../cocos2d/cocos/network",
					"$(SRCROOT)/../cocos2d/cocos/audio/include",
					"$(SRCROOT)/../cocos2d/cocos/editor-support",
					"$(SRCROOT)/../cocos2d/extensions",
					"$(SRCROOT)/../cocos2d/external",
					"$(SRCROOT)/../cocos2d/external/chipmunk/include/chipmunk",
				);
				MACOSX_DEPLOYMENT_TARGET = 10.7;
				OTHER_CFLAGS = "-DNS_BLOCK_ASSERTIONS=1";
				PRODUCT_NAME = "$(TARGET_NAME)";
				PROVISIONING_PROFILE = "acaa22ab-f827-4234-882b-2db584b7bf73";
				SDKROOT = macosx;
				VALIDATE_PRODUCT = YES;
			};
			name = Release;
		};
/* End XCBuildConfiguration section */

/* Begin XCConfigurationList section */
		1D6058960D05DD3E006BFB54 /* Build configuration list for PBXNativeTarget "DaLiPoker iOS" */ = {
			isa = XCConfigurationList;
			buildConfigurations = (
				1D6058940D05DD3E006BFB54 /* Debug */,
				1D6058950D05DD3E006BFB54 /* Release */,
			);
			defaultConfigurationIsVisible = 0;
			defaultConfigurationName = Debug;
		};
		4115120D1BA57636009274DA /* Build configuration list for PBXNativeTarget "GameTestCmd" */ = {
			isa = XCConfigurationList;
			buildConfigurations = (
				4115120E1BA57636009274DA /* Debug */,
				4115120F1BA57636009274DA /* Release */,
			);
			defaultConfigurationIsVisible = 0;
			defaultConfigurationName = Debug;
		};
		C01FCF4E08A954540054247B /* Build configuration list for PBXProject "DaLiPoker" */ = {
			isa = XCConfigurationList;
			buildConfigurations = (
				C01FCF4F08A954540054247B /* Debug */,
				C01FCF5008A954540054247B /* Release */,
			);
			defaultConfigurationIsVisible = 0;
			defaultConfigurationName = Debug;
		};
/* End XCConfigurationList section */
	};
	rootObject = 29B97313FDCFA39411CA2CEA /* Project object */;
}
